# Fully resolved for CPython 3.10 on Linux x86_64 (manylinux2014).
# Regenerate deliberately when scripts/openclaw-requirements.txt changes.
annotated-types==0.8.0 \
    --hash=sha256:f072f4d804ea359e4eaf198b1af7a8b0943881a87f31bb764f8bf219bb9419e0
anyio==4.15.1 \
    --hash=sha256:6152fdbbf9a77fdec97731721bebf7c4c44f7c29b424b0065826173efc7ed101
apscheduler==3.11.3 \
    --hash=sha256:bbeb2ec02d23d3c06a6c07ed7f0f3939ada6680eb121fae809a69bb42c537a30
certifi==2026.7.22 \
    --hash=sha256:62f22742b58a1a33014a2b6b706588a8d7e2a88ae7bd1a6ebe8c992928483775
cffi==2.1.1 \
    --hash=sha256:194cffa889098ced9976c3fc6340305e43f6303657d298da55366907c05c22d6
charset-normalizer==3.5.1 \
    --hash=sha256:96eefc178f8636b9c760c5829345307fd81cfae9ab1e80997dbddeb0f54ee9a3
cryptography==50.0.1 \
    --hash=sha256:e22dfed744bd4002e909464cb23d2f0b05c6f3113a79ef2e9864a53db737c733
deprecation==2.1.0 \
    --hash=sha256:a10811591210e1fb0e768a8c25517cabeabcba6f0bf96564f8ff45189f90b14a
exceptiongroup==1.3.1 \
    --hash=sha256:a7a39a3bd276781e98394987d3a5701d0c4edffb633bb7a5144577f82c773598
h11==0.16.0 \
    --hash=sha256:63cf8bbe7522de3bf65932fda1d9c2772064ffb3dae62d55932da54b31cb6c86
h2==4.4.1 \
    --hash=sha256:0e25f1462b23c9cb82d9eb02e28bc706dac2a68cb457c6a0d74d63c8a2a5d0e6
hpack==4.2.0 \
    --hash=sha256:858ac0b02280fa582b5080d68db0899c62a80375e0e5413a74970c5e518b6986
httpcore==1.0.9 \
    --hash=sha256:2d400746a40668fc9dec9810239072b40b4484b640a8c38fd654a024c7a1bf55
httpx==0.28.1 \
    --hash=sha256:d909fcccc110f8c7faf814ca82a9a4d816bc5a6dbfea25d6591d6985b8ba59ad
hyperframe==6.1.0 \
    --hash=sha256:b03380493a519fce58ea5af42e4a42317bf9bd425596f7a0835ffce80f1a42e5
idna==3.19 \
    --hash=sha256:815e7be7a7806d54abb586dc943addc79e8b2ee16915059658cbeff4b1b43bf4
multidict==6.7.1 \
    --hash=sha256:9b0d9b91d1aa44db9c1f1ecd0d9d2ae610b2f4f856448664e01a3b35899f3f92
packaging==26.3 \
    --hash=sha256:d7193f7c8e4e93f444fde0262bf90af30e16fa0ad0ad44cb553c87339b23cd1c
postgrest==2.31.0 \
    --hash=sha256:c2fd47c94e13ee8335111c4f03c9a24ea9766ce9d35fc3cd7330057c9e7ea0c3
propcache==0.5.2 \
    --hash=sha256:b96db7141a592cbc968daf1feea83a118e6ab378af4abbc72b248c895414c22d
pycparser==3.0 \
    --hash=sha256:b727414169a36b7d524c1c3e31839a521725078d7b2ff038656844266160a992
pydantic==2.13.5 \
    --hash=sha256:346a034f080da3755d8e9cb5e00e8b07de1d39e4f6e2c87d8ab7cafa0b269a73
pydantic-core==2.46.5 \
    --hash=sha256:850a08d167dde16db8702c274f320c7be9d7da6f6dff2b58b18f9e815bd94f5b
pyjwt[crypto]==2.13.0 \
    --hash=sha256:66adcc2aff09b3f1bbd95fc1e1577df8ac8723c978552fd43304c8a290ac5728
realtime==2.31.0 \
    --hash=sha256:f6e494b53d6a6e80b6efcee6711c8dd40413a52e766271de1bce8ced6c36cc1d
requests==2.32.5 \
    --hash=sha256:2462f94637a34fd532264295e186976db0f5d453d1cdd31473c85a6a161affb6
storage3==2.31.0 \
    --hash=sha256:4bf46e8bea320743179a6beafdc7531c5242495e00e0cc22af7c7a9d69d4ed84
strenum==0.4.15 \
    --hash=sha256:a30cda4af7cc6b5bf52c8055bc4bf4b2b6b14a93b574626da33df53cf7740659
supabase==2.31.0 \
    --hash=sha256:25f2a99207a75f2d9377e2332783b4389cf56b02cbebdaf0c1743112dcbb704e
supabase-auth==2.31.0 \
    --hash=sha256:5e9c8b4ecdee6af04dbcb06455ce78cb15674806fcb6b425170455307d70b0ee
supabase-functions==2.31.0 \
    --hash=sha256:3fdc4c4766152bfda63bdd0e286fc8a06f50e1280711fae4a1dfc9b7e9ebabc6
typing-extensions==4.16.0 \
    --hash=sha256:481caa481374e813c1b176ada14e97f1f67a4539ce9cfeb3f350d78d6370c2e8
typing-inspection==0.4.4 \
    --hash=sha256:65b8397ba37ccbce054456aaccddfc91e6e3083c92824df348d96ca832f3f147
tzlocal==5.4.4 \
    --hash=sha256:aae09f0126a8a86fa736be266eb4a471380d26a0de3bc14844e7821fee3e2a15
urllib3==2.7.0 \
    --hash=sha256:9fb4c81ebbb1ce9531cce37674bbc6f1360472bc18ca9a553ede278ef7276897
websockets==15.0.1 \
    --hash=sha256:ac1e5c9054fe23226fb11e05a6e630837f074174c4c2f0fe442996112a6de4fb
yarl==1.24.5 \
    --hash=sha256:7fa5e51397466ea7e98de493fa2ff1b8193cfef8a7b0f9b4842f92d342df0dba
yt-dlp==2026.8.19 \
    --hash=sha256:1d57897e94c6665a0a6f9bc54b34e584284e32c034ffab3a7df25d8f7b24eedf
